// !$*UTF8*$!
{
	archiveVersion = 1;
	classes = {
	};
	objectVersion = 51;
	objects = {

/* Begin PBXBuildFile section */
		7216C7542561B6BA00FD9AB1 /* AppDelegate.swift in Sources */ = {isa = PBXBuildFile; fileRef = 7216C7532561B6BA00FD9AB1 /* AppDelegate.swift */; };
		7216C7562561B6BA00FD9AB1 /* SceneDelegate.swift in Sources */ = {isa = PBXBuildFile; fileRef = 7216C7552561B6BA00FD9AB1 /* SceneDelegate.swift */; };
		7216C7582561B6BA00FD9AB1 /* ViewController.swift in Sources */ = {isa = PBXBuildFile; fileRef = 7216C7572561B6BA00FD9AB1 /* ViewController.swift */; };
		7216C75B2561B6BA00FD9AB1 /* Main.storyboard in Resources */ = {isa = PBXBuildFile; fileRef = 7216C7592561B6BA00FD9AB1 /* Main.storyboard */; };
		7216C75D2561B6BE00FD9AB1 /* Assets.xcassets in Resources */ = {isa = PBXBuildFile; fileRef = 7216C75C2561B6BE00FD9AB1 /* Assets.xcassets */; };
		7216C7602561B6BE00FD9AB1 /* LaunchScreen.storyboard in Resources */ = {isa = PBXBuildFile; fileRef = 7216C75E2561B6BE00FD9AB1 /* LaunchScreen.storyboard */; };
		72D5030825630BC0006B8331 /* InsertViewController.swift in Sources */ = {isa = PBXBuildFile; fileRef = 72D5030725630BC0006B8331 /* InsertViewController.swift */; };
		FEB4B15603BB10ADF1ACFC8B /* Pods_realmProj.framework in Frameworks */ = {isa = PBXBuildFile; fileRef = E8F47502112C4A7DFB6252CB /* Pods_realmProj.framework */; };
/* End PBXBuildFile section */

/* Begin PBXFileReference section */
		7216C7502561B6BA00FD9AB1 /* realmProj.app */ = {isa = PBXFileReference; explicitFileType = wrapper.application; includeInIndex = 0; path = realmProj.app; sourceTree = BUILT_PRODUCTS_DIR; };
		7216C7532561B6BA00FD9AB1 /* AppDelegate.swift */ = {isa = PBXFileReference; lastKnownFileType = sourcecode.swift; path = AppDelegate.swift; sourceTree = "<group>"; };
		7216C7552561B6BA00FD9AB1 /* SceneDelegate.swift */ = {isa = PBXFileReference; lastKnownFileType = sourcecode.swift; path = SceneDelegate.swift; sourceTree = "<group>"; };
		7216C7572561B6BA00FD9AB1 /* ViewController.swift */ = {isa = PBXFileReference; lastKnownFileType = sourcecode.swift; path = ViewController.swift; sourceTree = "<group>"; };
		7216C75A2561B6BA00FD9AB1 /* Base */ = {isa = PBXFileReference; lastKnownFileType = file.storyboard; name = Base; path = Base.lproj/Main.storyboard; sourceTree = "<group>"; };
		7216C75C2561B6BE00FD9AB1 /* Assets.xcassets */ = {isa = PBXFileReference; lastKnownFileType = folder.assetcatalog; path = Assets.xcassets; sourceTree = "<group>"; };
		7216C75F2561B6BE00FD9AB1 /* Base */ = {isa = PBXFileReference; lastKnownFileType = file.storyboard; name = Base; path = Base.lproj/LaunchScreen.storyboard; sourceTree = "<group>"; };
		7216C7612561B6BE00FD9AB1 /* Info.plist */ = {isa = PBXFileReference; lastKnownFileType = text.plist.xml; path = Info.plist; sourceTree = "<group>"; };
		72D5030725630BC0006B8331 /* InsertViewController.swift */ = {isa = PBXFileReference; lastKnownFileType = sourcecode.swift; path = InsertViewController.swift; sourceTree = "<group>"; };
		E00A90F2B982BD6AA6FD8F74 /* Pods-realmProj.debug.xcconfig */ = {isa = PBXFileReference; includeInIndex = 1; lastKnownFileType = text.xcconfig; name = "Pods-realmProj.debug.xcconfig"; path = "Target Support Files/Pods-realmProj/Pods-realmProj.debug.xcconfig"; sourceTree = "<group>"; };
		E8F47502112C4A7DFB6252CB /* Pods_realmProj.framework */ = {isa = PBXFileReference; explicitFileType = wrapper.framework; includeInIndex = 0; path = Pods_realmProj.framework; sourceTree = BUILT_PRODUCTS_DIR; };
		F1F343A70468BD588E4CBC6D /* Pods-realmProj.release.xcconfig */ = {isa = PBXFileReference; includeInIndex = 1; lastKnownFileType = text.xcconfig; name = "Pods-realmProj.release.xcconfig"; path = "Target Support Files/Pods-realmProj/Pods-realmProj.release.xcconfig"; sourceTree = "<group>"; };
/* End PBXFileReference section */

/* Begin PBXFrameworksBuildPhase section */
		7216C74D2561B6BA00FD9AB1 /* Frameworks */ = {
			isa = PBXFrameworksBuildPhase;
			buildActionMask = 2147483647;
			files = (
				FEB4B15603BB10ADF1ACFC8B /* Pods_realmProj.framework in Frameworks */,
			);
			runOnlyForDeploymentPostprocessing = 0;
		};
/* End PBXFrameworksBuildPhase section */

/* Begin PBXGroup section */
		7216C7472561B6BA00FD9AB1 = {
			isa = PBXGroup;
			children = (
				7216C7522561B6BA00FD9AB1 /* realmProj */,
				7216C7512561B6BA00FD9AB1 /* Products */,
				AA4886DA482B386B23CE7BAD /* Pods */,
				E8A63E58E38392729D9B7059 /* Frameworks */,
			);
			sourceTree = "<group>";
		};
		7216C7512561B6BA00FD9AB1 /* Products */ = {
			isa = PBXGroup;
			children = (
				7216C7502561B6BA00FD9AB1 /* realmProj.app */,
			);
			name = Products;
			sourceTree = "<group>";
		};
		7216C7522561B6BA00FD9AB1 /* realmProj */ = {
			isa = PBXGroup;
			children = (
				7216C7532561B6BA00FD9AB1 /* AppDelegate.swift */,
				7216C7552561B6BA00FD9AB1 /* SceneDelegate.swift */,
				7216C7572561B6BA00FD9AB1 /* ViewController.swift */,
				7216C7592561B6BA00FD9AB1 /* Main.storyboard */,
				7216C75C2561B6BE00FD9AB1 /* Assets.xcassets */,
				7216C75E2561B6BE00FD9AB1 /* LaunchScreen.storyboard */,
				7216C7612561B6BE00FD9AB1 /* Info.plist */,
				72D5030725630BC0006B8331 /* InsertViewController.swift */,
			);
			path = realmProj;
			sourceTree = "<group>";
		};
		AA4886DA482B386B23CE7BAD /* Pods */ = {
			isa = PBXGroup;
			children = (
				E00A90F2B982BD6AA6FD8F74 /* Pods-realmProj.debug.xcconfig */,
				F1F343A70468BD588E4CBC6D /* Pods-realmProj.release.xcconfig */,
			);
			path = Pods;
			sourceTree = "<group>";
		};
		E8A63E58E38392729D9B7059 /* Frameworks */ = {
			isa = PBXGroup;
			children = (
				E8F47502112C4A7DFB6252CB /* Pods_realmProj.framework */,
			);
			name = Frameworks;
			sourceTree = "<group>";
		};
/* End PBXGroup section */

/* Begin PBXNativeTarget section */
		7216C74F2561B6BA00FD9AB1 /* realmProj */ = {
			isa = PBXNativeTarget;
			buildConfigurationList = 7216C7642561B6BE00FD9AB1 /* Build configuration list for PBXNativeTarget "realmProj" */;
			buildPhases = (
				1BE5874B12FA935940742C98 /* [CP] Check Pods Manifest.lock */,
				7216C74C2561B6BA00FD9AB1 /* Sources */,
				7216C74D2561B6BA00FD9AB1 /* Frameworks */,
				7216C74E2561B6BA00FD9AB1 /* Resources */,
				65C436806ABEA4EC04396D0B /* [CP] Embed Pods Frameworks */,
			);
			buildRules = (
			);
			dependencies = (
			);
			name = realmProj;
			productName = realmProj;
			productReference = 7216C7502561B6BA00FD9AB1 /* realmProj.app */;
			productType = "com.apple.product-type.application";
		};
/* End PBXNativeTarget section */

/* Begin PBXProject section */
		7216C7482561B6BA00FD9AB1 /* Project object */ = {
			isa = PBXProject;
			attributes = {
				LastSwiftUpdateCheck = 1150;
				LastUpgradeCheck = 1220;
				ORGANIZATIONNAME = "Aruzhan Demeubayeva";
				TargetAttributes = {
					7216C74F2561B6BA00FD9AB1 = {
						CreatedOnToolsVersion = 11.5;
					};
				};
			};
			buildConfigurationList = 7216C74B2561B6BA00FD9AB1 /* Build configuration list for PBXProject "realmProj" */;
			compatibilityVersion = "Xcode 9.3";
			developmentRegion = en;
			hasScannedForEncodings = 0;
			knownRegions = (
				en,
				Base,
			);
			mainGroup = 7216C7472561B6BA00FD9AB1;
			productRefGroup = 7216C7512561B6BA00FD9AB1 /* Products */;
			projectDirPath = "";
			projectRoot = "";
			targets = (
				7216C74F2561B6BA00FD9AB1 /* realmProj */,
			);
		};
/* End PBXProject section */

/* Begin PBXResourcesBuildPhase section */
		7216C74E2561B6BA00FD9AB1 /* Resources */ = {
			isa = PBXResourcesBuildPhase;
			buildActionMask = 2147483647;
			files = (
				7216C7602561B6BE00FD9AB1 /* LaunchScreen.storyboard in Resources */,
				7216C75D2561B6BE00FD9AB1 /* Assets.xcassets in Resources */,
				7216C75B2561B6BA00FD9AB1 /* Main.storyboard in Resources */,
			);
			runOnlyForDeploymentPostprocessing = 0;
		};
/* End PBXResourcesBuildPhase section */

/* Begin PBXShellScriptBuildPhase section */
		1BE5874B12FA935940742C98 /* [CP] Check Pods Manifest.lock */ = {
			isa = PBXShellScriptBuildPhase;
			buildActionMask = 2147483647;
			files = (
			);
			inputFileListPaths = (
			);
			inputPaths = (
				"${PODS_PODFILE_DIR_PATH}/Podfile.lock",
				"${PODS_ROOT}/Manifest.lock",
			);
			name = "[CP] Check Pods Manifest.lock";
			outputFileListPaths = (
			);
			outputPaths = (
				"$(DERIVED_FILE_DIR)/Pods-realmProj-checkManifestLockResult.txt",
			);
			runOnlyForDeploymentPostprocessing = 0;
			shellPath = /bin/sh;
			shellScript = "diff \"${PODS_PODFILE_DIR_PATH}/Podfile.lock\" \"${PODS_ROOT}/Manifest.lock\" > /dev/null\nif [ $? != 0 ] ; then\n    # print error to STDERR\n    echo \"error: The sandbox is not in sync with the Podfile.lock. Run 'pod install' or update your CocoaPods installation.\" >&2\n    exit 1\nfi\n# This output is used by Xcode 'outputs' to avoid re-running this script phase.\necho \"SUCCESS\" > \"${SCRIPT_OUTPUT_FILE_0}\"\n";
			showEnvVarsInLog = 0;
		};
		65C436806ABEA4EC04396D0B /* [CP] Embed Pods Frameworks */ = {
			isa = PBXShellScriptBuildPhase;
			buildActionMask = 2147483647;
			files = (
			);
			inputFileListPaths = (
				"${PODS_ROOT}/Target Support Files/Pods-realmProj/Pods-realmProj-frameworks-${CONFIGURATION}-input-files.xcfilelist",
			);
			name = "[CP] Embed Pods Frameworks";
			outputFileListPaths = (
				"${PODS_ROOT}/Target Support Files/Pods-realmProj/Pods-realmProj-frameworks-${CONFIGURATION}-output-files.xcfilelist",
			);
			runOnlyForDeploymentPostprocessing = 0;
			shellPath = /bin/sh;
			shellScript = "\"${PODS_ROOT}/Target Support Files/Pods-realmProj/Pods-realmProj-frameworks.sh\"\n";
			showEnvVarsInLog = 0;
		};
/* End PBXShellScriptBuildPhase section */

/* Begin PBXSourcesBuildPhase section */
		7216C74C2561B6BA00FD9AB1 /* Sources */ = {
			isa = PBXSourcesBuildPhase;
			buildActionMask = 2147483647;
			files = (
				7216C7582561B6BA00FD9AB1 /* ViewController.swift in Sources */,
				72D5030825630BC0006B8331 /* InsertViewController.swift in Sources */,
				7216C7542561B6BA00FD9AB1 /* AppDelegate.swift in Sources */,
				7216C7562561B6BA00FD9AB1 /* SceneDelegate.swift in Sources */,
			);
			runOnlyForDeploymentPostprocessing = 0;
		};
/* End PBXSourcesBuildPhase section */

/* Begin PBXVariantGroup section */
		7216C7592561B6BA00FD9AB1 /* Main.storyboard */ = {
			isa = PBXVariantGroup;
			children = (
				7216C75A2561B6BA00FD9AB1 /* Base */,
			);
			name = Main.storyboard;
			sourceTree = "<group>";
		};
		7216C75E2561B6BE00FD9AB1 /* LaunchScreen.storyboard */ = {
			isa = PBXVariantGroup;
			children = (
				7216C75F2561B6BE00FD9AB1 /* Base */,
			);
			name = LaunchScreen.storyboard;
			sourceTree = "<group>";
		};
/* End PBXVariantGroup section */

/* Begin XCBuildConfiguration section */
		7216C7622561B6BE00FD9AB1 /* Debug */ = {
			isa = XCBuildConfiguration;
			buildSettings = {
				ALWAYS_SEARCH_USER_PATHS = NO;
				CLANG_ANALYZER_NONNULL = YES;
				CLANG_ANALYZER_NUMBER_OBJECT_CONVERSION = YES_AGGRESSIVE;
				CLANG_CXX_LANGUAGE_STANDARD = "gnu++14";
				CLANG_CXX_LIBRARY = "libc++";
				CLANG_ENABLE_MODULES = YES;
				CLANG_ENABLE_OBJC_ARC = YES;
				CLANG_ENABLE_OBJC_WEAK = YES;
				CLANG_WARN_BLOCK_CAPTURE_AUTORELEASING = YES;
				CLANG_WARN_BOOL_CONVERSION = YES;
				CLANG_WARN_COMMA = YES;
				CLANG_WARN_CONSTANT_CONVERSION = YES;
				CLANG_WARN_DEPRECATED_OBJC_IMPLEMENTATIONS = YES;
				CLANG_WARN_DIRECT_OBJC_ISA_USAGE = YES_ERROR;
				CLANG_WARN_DOCUMENTATION_COMMENTS = YES;
				CLANG_WARN_EMPTY_BODY = YES;
				CLANG_WARN_ENUM_CONVERSION = YES;
				CLANG_WARN_INFINITE_RECURSION = YES;
				CLANG_WARN_INT_CONVERSION = YES;
				CLANG_WARN_NON_LITERAL_NULL_CONVERSION = YES;
				CLANG_WARN_OBJC_IMPLICIT_RETAIN_SELF = YES;
				CLANG_WARN_OBJC_LITERAL_CONVERSION = YES;
				CLANG_WARN_OBJC_ROOT_CLASS = YES_ERROR;
				CLANG_WARN_QUOTED_INCLUDE_IN_FRAMEWORK_HEADER = YES;
				CLANG_WARN_RANGE_LOOP_ANALYSIS = YES;
				CLANG_WARN_STRICT_PROTOTYPES = YES;
				CLANG_WARN_SUSPICIOUS_MOVE = YES;
				CLANG_WARN_UNGUARDED_AVAILABILITY = YES_AGGRESSIVE;
				CLANG_WARN_UNREACHABLE_CODE = YES;
				CLANG_WARN__DUPLICATE_METHOD_MATCH = YES;
				COPY_PHASE_STRIP = NO;
				DEBUG_INFORMATION_FORMAT = dwarf;
				ENABLE_STRICT_OBJC_MSGSEND = YES;
				ENABLE_TESTABILITY = YES;
				GCC_C_LANGUAGE_STANDARD = gnu11;
				GCC_DYNAMIC_NO_PIC = NO;
				GCC_NO_COMMON_BLOCKS = YES;
				GCC_OPTIMIZATION_LEVEL = 0;
				GCC_PREPROCESSOR_DEFINITIONS = (
					"DEBUG=1",
					"$(inherited)",
				);
				GCC_WARN_64_TO_32_BIT_CONVERSION = YES;
				GCC_WARN_ABOUT_RETURN_TYPE = YES_ERROR;
				GCC_WARN_UNDECLARED_SELECTOR = YES;
				GCC_WARN_UNINITIALIZED_AUTOS = YES_AGGRESSIVE;
				GCC_WARN_UNUSED_FUNCTION = YES;
				GCC_WARN_UNUSED_VARIABLE = YES;
				IPHONEOS_DEPLOYMENT_TARGET = 13.5;
				MTL_ENABLE_DEBUG_INFO = INCLUDE_SOURCE;
				MTL_FAST_MATH = YES;
				ONLY_ACTIVE_ARCH = YES;
				SDKROOT = iphoneos;
				SWIFT_ACTIVE_COMPILATION_CONDITIONS = DEBUG;
				SWIFT_OPTIMIZATION_LEVEL = "-Onone";
			};
			name = Debug;
		};
		7216C7632561B6BE00FD9AB1 /* Release */ = {
			isa = XCBuildConfiguration;
			buildSettings = {
				ALWAYS_SEARCH_USER_PATHS = NO;
				CLANG_ANALYZER_NONNULL = YES;
				CLANG_ANALYZER_NUMBER_OBJECT_CONVERSION = YES_AGGRESSIVE;
				CLANG_CXX_LANGUAGE_STANDARD = "gnu++14";
				CLANG_CXX_LIBRARY = "libc++";
				CLANG_ENABLE_MODULES = YES;
				CLANG_ENABLE_OBJC_ARC = YES;
				CLANG_ENABLE_OBJC_WEAK = YES;
				CLANG_WARN_BLOCK_CAPTURE_AUTORELEASING = YES;
				CLANG_WARN_BOOL_CONVERSION = YES;
				CLANG_WARN_COMMA = YES;
				CLANG_WARN_CONSTANT_CONVERSION = YES;
				CLANG_WARN_DEPRECATED_OBJC_IMPLEMENTATIONS = YES;
				CLANG_WARN_DIRECT_OBJC_ISA_USAGE = YES_ERROR;
				CLANG_WARN_DOCUMENTATION_COMMENTS = YES;
				CLANG_WARN_EMPTY_BODY = YES;
				CLANG_WARN_ENUM_CONVERSION = YES;
				CLANG_WARN_INFINITE_RECURSION = YES;
				CLANG_WARN_INT_CONVERSION = YES;
				CLANG_WARN_NON_LITERAL_NULL_CONVERSION = YES;
				CLANG_WARN_OBJC_IMPLICIT_RETAIN_SELF = YES;
				CLANG_WARN_OBJC_LITERAL_CONVERSION = YES;
				CLANG_WARN_OBJC_ROOT_CLASS = YES_ERROR;
				CLANG_WARN_QUOTED_INCLUDE_IN_FRAMEWORK_HEADER = YES;
				CLANG_WARN_RANGE_LOOP_ANALYSIS = YES;
				CLANG_WARN_STRICT_PROTOTYPES = YES;
				CLANG_WARN_SUSPICIOUS_MOVE = YES;
				CLANG_WARN_UNGUARDED_AVAILABILITY = YES_AGGRESSIVE;
				CLANG_WARN_UNREACHABLE_CODE = YES;
				CLANG_WARN__DUPLICATE_METHOD_MATCH = YES;
				COPY_PHASE_STRIP = NO;
				DEBUG_INFORMATION_FORMAT = "dwarf-with-dsym";
				ENABLE_NS_ASSERTIONS = NO;
				ENABLE_STRICT_OBJC_MSGSEND = YES;
				GCC_C_LANGUAGE_STANDARD = gnu11;
				GCC_NO_COMMON_BLOCKS = YES;
				GCC_WARN_64_TO_32_BIT_CONVERSION = YES;
				GCC_WARN_ABOUT_RETURN_TYPE = YES_ERROR;
				GCC_WARN_UNDECLARED_SELECTOR = YES;
				GCC_WARN_UNINITIALIZED_AUTOS = YES_AGGRESSIVE;
				GCC_WARN_UNUSED_FUNCTION = YES;
				GCC_WARN_UNUSED_VARIABLE = YES;
				IPHONEOS_DEPLOYMENT_TARGET = 13.5;
				MTL_ENABLE_DEBUG_INFO = NO;
				MTL_FAST_MATH = YES;
				SDKROOT = iphoneos;
				SWIFT_COMPILATION_MODE = wholemodule;
				SWIFT_OPTIMIZATION_LEVEL = "-O";
				VALIDATE_PRODUCT = YES;
			};
			name = Release;
		};
		7216C7652561B6BE00FD9AB1 /* Debug */ = {
			isa = XCBuildConfiguration;
			baseConfigurationReference = E00A90F2B982BD6AA6FD8F74 /* Pods-realmProj.debug.xcconfig */;
			buildSettings = {
				ASSETCATALOG_COMPILER_APPICON_NAME = AppIcon;
				CODE_SIGN_STYLE = Automatic;
				DEVELOPMENT_TEAM = 66D7D95M9F;
				INFOPLIST_FILE = realmProj/Info.plist;
				IPHONEOS_DEPLOYMENT_TARGET = 13.5;
				LD_RUNPATH_SEARCH_PATHS = (
					"$(inherited)",
					"@executable_path/Frameworks",
				);
				PRODUCT_BUNDLE_IDENTIFIER = realmProj;
				PRODUCT_NAME = "$(TARGET_NAME)";
				SWIFT_VERSION = 5.0;
				TARGETED_DEVICE_FAMILY = "1,2";
			};
			name = Debug;
		};
		7216C7662561B6BE00FD9AB1 /* Release */ = {
			isa = XCBuildConfiguration;
			baseConfigurationReference = F1F343A70468BD588E4CBC6D /* Pods-realmProj.release.xcconfig */;
			buildSettings = {
				ASSETCATALOG_COMPILER_APPICON_NAME = AppIcon;
				CODE_SIGN_STYLE = Automatic;
				DEVELOPMENT_TEAM = 66D7D95M9F;
				INFOPLIST_FILE = realmProj/Info.plist;
				IPHONEOS_DEPLOYMENT_TARGET = 13.5;
				LD_RUNPATH_SEARCH_PATHS = (
					"$(inherited)",
					"@executable_path/Frameworks",
				);
				PRODUCT_BUNDLE_IDENTIFIER = realmProj;
				PRODUCT_NAME = "$(TARGET_NAME)";
				SWIFT_VERSION = 5.0;
				TARGETED_DEVICE_FAMILY = "1,2";
			};
			name = Release;
		};
/* End XCBuildConfiguration section */

/* Begin XCConfigurationList section */
		7216C74B2561B6BA00FD9AB1 /* Build configuration list for PBXProject "realmProj" */ = {
			isa = XCConfigurationList;
			buildConfigurations = (
				7216C7622561B6BE00FD9AB1 /* Debug */,
				7216C7632561B6BE00FD9AB1 /* Release */,
			);
			defaultConfigurationIsVisible = 0;
			defaultConfigurationName = Release;
		};
		7216C7642561B6BE00FD9AB1 /* Build configuration list for PBXNativeTarget "realmProj" */ = {
			isa = XCConfigurationList;
			buildConfigurations = (
				7216C7652561B6BE00FD9AB1 /* Debug */,
				7216C7662561B6BE00FD9AB1 /* Release */,
			);
			defaultConfigurationIsVisible = 0;
			defaultConfigurationName = Release;
		};
/* End XCConfigurationList section */
	};
	rootObject = 7216C7482561B6BA00FD9AB1 /* Project object */;
}
